{
  "nodes": {
    "fenix": {
      "inputs": {
        "nixpkgs": [
          "nixpkgs"
        ],
        "rust-analyzer-src": "rust-analyzer-src"
      },
      "locked": {
        "lastModified": 1723098624,
        "narHash": "sha256-TFg+lq7pHgCnsB4nRmMeTxSnZXHvzYJ2IHyEiw8zEF8=",
        "owner": "nix-community",
        "repo": "fenix",
        "rev": "d6022ac563f2f48d8eeff89ca3589c8adc5235f6",
        "type": "github"
      },
      "original": {
        "owner": "nix-community",
        "repo": "fenix",
        "type": "github"
      }
    },
    "nixpkgs": {
      "locked": {
        "lastModified": 1723019560,
        "narHash": "sha256-O/kxmybNecC3Efr6ITOdtCzFv90/B2Iiedavj5aRWt0=",
        "owner": "NixOS",
        "repo": "nixpkgs",
        "rev": "f5129fb42b9c262318130a97b47516946da3e7d7",
        "type": "github"
      },
      "original": {
        "owner": "NixOS",
        "ref": "nixpkgs-unstable",
        "repo": "nixpkgs",
        "type": "github"
      }
    },
    "root": {
      "inputs": {
        "fenix": "fenix",
        "nixpkgs": "nixpkgs"
      }
    },
    "rust-analyzer-src": {
      "flake": false,
      "locked": {
        "lastModified": 1723042912,
        "narHash": "sha256-Ff4nCgmlSWVOMvRVVf6gTYgmZjGw9EjIFHG0aUFg+D8=",
        "owner": "rust-lang",
        "repo": "rust-analyzer",
        "rev": "935883fd826c46e7e7e6de19cf24377c21f1b2ba",
        "type": "github"
      },
      "original": {
        "owner": "rust-lang",
        "ref": "nightly",
        "repo": "rust-analyzer",
        "type": "github"
      }
    }
  },
  "root": "root",
  "version": 7
}
